
Microsoft Visual Studio Solution File, Format Version 12.00
# Visual Studio Version 16
VisualStudioVersion = 16.0.31402.337
MinimumVisualStudioVersion = 10.0.40219.1
Project("{8BC9CEB8-8B4A-11D0-8D11-00A0C91BC942}") = "Inputs", "Inputs.vcxproj", "{8654EBA3-BC23-4A20-8F66-B74F1071F18F}"
EndProject
Global
	GlobalSection(SolutionConfigurationPlatforms) = preSolution
		Debug|x64 = Debug|x64
		Debug|x86 = Debug|x86
		Release|x64 = Release|x64
		Release|x86 = Release|x86
	EndGlobalSection
	GlobalSection(ProjectConfigurationPlatforms) = postSolution
		{8654EBA3-BC23-4A20-8F66-B74F1071F18F}.Debug|x64.ActiveCfg = Debug|x64
		{8654EBA3-BC23-4A20-8F66-B74F1071F18F}.Debug|x64.Build.0 = Debug|x64
		{8654EBA3-BC23-4A20-8F66-B74F1071F18F}.Debug|x86.ActiveCfg = Debug|Win32
		{8654EBA3-BC23-4A20-8F66-B74F1071F18F}.Debug|x86.Build.0 = Debug|Win32
		{8654EBA3-BC23-4A20-8F66-B74F1071F18F}.Release|x64.ActiveCfg = Release|x64
		{8654EBA3-BC23-4A20-8F66-B74F1071F18F}.Release|x64.Build.0 = Release|x64
		{8654EBA3-BC23-4A20-8F66-B74F1071F18F}.Release|x86.ActiveCfg = Release|Win32
		{8654EBA3-BC23-4A20-8F66-B74F1071F18F}.Release|x86.Build.0 = Release|Win32
	EndGlobalSection
	GlobalSection(SolutionProperties) = preSolution
		HideSolutionNode = FALSE
	EndGlobalSection
	GlobalSection(ExtensibilityGlobals) = postSolution
		SolutionGuid = {3C1C5D30-7FB2-4F1C-BB39-C531F031553A}
	EndGlobalSection
EndGlobal
